
Microsoft Visual Studio Solution File, Format Version 12.00
# Visual Studio Version 17
VisualStudioVersion = 17.12.35728.132 d17.12
MinimumVisualStudioVersion = 10.0.40219.1
Project("{FAE04EC0-301F-11D3-BF4B-00C04F79EFBC}") = "WebApplication1", "WebApplication1\WebApplication1.csproj", "{3B885A48-6252-4FD2-BD3C-1A47563CBC4C}"
EndProject
Project("{FAE04EC0-301F-11D3-BF4B-00C04F79EFBC}") = "TestProject1", "TestProject1\TestProject1.csproj", "{C4279AA8-FC1D-45E6-863D-A6AE0DD25006}"
EndProject
Global
	GlobalSection(SolutionConfigurationPlatforms) = preSolution
		Debug|Any CPU = Debug|Any CPU
		Release|Any CPU = Release|Any CPU
	EndGlobalSection
	GlobalSection(ProjectConfigurationPlatforms) = postSolution
		{3B885A48-6252-4FD2-BD3C-1A47563CBC4C}.Debug|Any CPU.ActiveCfg = Debug|Any CPU
		{3B885A48-6252-4FD2-BD3C-1A47563CBC4C}.Debug|Any CPU.Build.0 = Debug|Any CPU
		{3B885A48-6252-4FD2-BD3C-1A47563CBC4C}.Release|Any CPU.ActiveCfg = Release|Any CPU
		{3B885A48-6252-4FD2-BD3C-1A47563CBC4C}.Release|Any CPU.Build.0 = Release|Any CPU
		{C4279AA8-FC1D-45E6-863D-A6AE0DD25006}.Debug|Any CPU.ActiveCfg = Debug|Any CPU
		{C4279AA8-FC1D-45E6-863D-A6AE0DD25006}.Debug|Any CPU.Build.0 = Debug|Any CPU
		{C4279AA8-FC1D-45E6-863D-A6AE0DD25006}.Release|Any CPU.ActiveCfg = Release|Any CPU
		{C4279AA8-FC1D-45E6-863D-A6AE0DD25006}.Release|Any CPU.Build.0 = Release|Any CPU
	EndGlobalSection
	GlobalSection(SolutionProperties) = preSolution
		HideSolutionNode = FALSE
	EndGlobalSection
EndGlobal
